{
  "name": "print-selector-list",
  "version": "1.0.0",
  "lockfileVersion": 1,
  "requires": true,
  "dependencies": {
    "log-to-file": {
      "version": "1.2.2",
      "resolved": "https://registry.npmjs.org/log-to-file/-/log-to-file-1.2.2.tgz",
      "integrity": "sha512-cH+33Eg9YVcgTPQ7Kr1bT/wBuctzX5FxmRGnTpKZ7W4sqSnC1GobwgU/rO32T6RjxX3fFcfqejHNQMBAX5zxvA=="
    }
  }
}
